
Microsoft Visual Studio Solution File, Format Version 12.00
# Visual Studio Version 17
VisualStudioVersion = 17.3.32922.545
MinimumVisualStudioVersion = 10.0.40219.1
Project("{FAE04EC0-301F-11D3-BF4B-00C04F79EFBC}") = "ConsoleApp1", "ConsoleApp1\ConsoleApp1.csproj", "{ED482E54-0AAA-431E-94F1-A2D8D96B6096}"
EndProject
Global
	GlobalSection(SolutionConfigurationPlatforms) = preSolution
		Debug|Any CPU = Debug|Any CPU
		Release|Any CPU = Release|Any CPU
	EndGlobalSection
	GlobalSection(ProjectConfigurationPlatforms) = postSolution
		{ED482E54-0AAA-431E-94F1-A2D8D96B6096}.Debug|Any CPU.ActiveCfg = Debug|Any CPU
		{ED482E54-0AAA-431E-94F1-A2D8D96B6096}.Debug|Any CPU.Build.0 = Debug|Any CPU
		{ED482E54-0AAA-431E-94F1-A2D8D96B6096}.Release|Any CPU.ActiveCfg = Release|Any CPU
		{ED482E54-0AAA-431E-94F1-A2D8D96B6096}.Release|Any CPU.Build.0 = Release|Any CPU
	EndGlobalSection
	GlobalSection(SolutionProperties) = preSolution
		HideSolutionNode = FALSE
	EndGlobalSection
	GlobalSection(ExtensibilityGlobals) = postSolution
		SolutionGuid = {002850C9-6960-477F-B1B1-1197AF451B34}
	EndGlobalSection
EndGlobal
